
Microsoft Visual Studio Solution File, Format Version 12.00
# Visual Studio Version 17
VisualStudioVersion = 17.0.31903.59
MinimumVisualStudioVersion = 10.0.40219.1
Project("{FAE04EC0-301F-11D3-BF4B-00C04F79EFBC}") = "LogicExercise", "LogicExercise\LogicExercise.csproj", "{9132FA1D-3268-4763-968D-16780F9C99C3}"
EndProject
Project("{FAE04EC0-301F-11D3-BF4B-00C04F79EFBC}") = "SimpleCalculator", "SimpleCalculator\SimpleCalculator.csproj", "{34C3AAA9-6EF4-4407-9F34-77CA0045810B}"
EndProject
Project("{FAE04EC0-301F-11D3-BF4B-00C04F79EFBC}") = "TodoApi", "TodoApi\TodoApi.csproj", "{B6007869-7E4D-4257-9E35-A0B44A077D0A}"
EndProject
Project("{FAE04EC0-301F-11D3-BF4B-00C04F79EFBC}") = "BookManagementAPI", "BookManagementAPI\BookManagementAPI.csproj", "{5EFDF5C3-030A-41C7-9A32-456A220734E5}"
EndProject
Global
	GlobalSection(SolutionConfigurationPlatforms) = preSolution
		Debug|Any CPU = Debug|Any CPU
		Debug|x64 = Debug|x64
		Debug|x86 = Debug|x86
		Release|Any CPU = Release|Any CPU
		Release|x64 = Release|x64
		Release|x86 = Release|x86
	EndGlobalSection
	GlobalSection(ProjectConfigurationPlatforms) = postSolution
		{9132FA1D-3268-4763-968D-16780F9C99C3}.Debug|Any CPU.ActiveCfg = Debug|Any CPU
		{9132FA1D-3268-4763-968D-16780F9C99C3}.Debug|Any CPU.Build.0 = Debug|Any CPU
		{9132FA1D-3268-4763-968D-16780F9C99C3}.Debug|x64.ActiveCfg = Debug|Any CPU
		{9132FA1D-3268-4763-968D-16780F9C99C3}.Debug|x64.Build.0 = Debug|Any CPU
		{9132FA1D-3268-4763-968D-16780F9C99C3}.Debug|x86.ActiveCfg = Debug|Any CPU
		{9132FA1D-3268-4763-968D-16780F9C99C3}.Debug|x86.Build.0 = Debug|Any CPU
		{9132FA1D-3268-4763-968D-16780F9C99C3}.Release|Any CPU.ActiveCfg = Release|Any CPU
		{9132FA1D-3268-4763-968D-16780F9C99C3}.Release|Any CPU.Build.0 = Release|Any CPU
		{9132FA1D-3268-4763-968D-16780F9C99C3}.Release|x64.ActiveCfg = Release|Any CPU
		{9132FA1D-3268-4763-968D-16780F9C99C3}.Release|x64.Build.0 = Release|Any CPU
		{9132FA1D-3268-4763-968D-16780F9C99C3}.Release|x86.ActiveCfg = Release|Any CPU
		{9132FA1D-3268-4763-968D-16780F9C99C3}.Release|x86.Build.0 = Release|Any CPU
		{34C3AAA9-6EF4-4407-9F34-77CA0045810B}.Debug|Any CPU.ActiveCfg = Debug|Any CPU
		{34C3AAA9-6EF4-4407-9F34-77CA0045810B}.Debug|Any CPU.Build.0 = Debug|Any CPU
		{34C3AAA9-6EF4-4407-9F34-77CA0045810B}.Debug|x64.ActiveCfg = Debug|Any CPU
		{34C3AAA9-6EF4-4407-9F34-77CA0045810B}.Debug|x64.Build.0 = Debug|Any CPU
		{34C3AAA9-6EF4-4407-9F34-77CA0045810B}.Debug|x86.ActiveCfg = Debug|Any CPU
		{34C3AAA9-6EF4-4407-9F34-77CA0045810B}.Debug|x86.Build.0 = Debug|Any CPU
		{34C3AAA9-6EF4-4407-9F34-77CA0045810B}.Release|Any CPU.ActiveCfg = Release|Any CPU
		{34C3AAA9-6EF4-4407-9F34-77CA0045810B}.Release|Any CPU.Build.0 = Release|Any CPU
		{34C3AAA9-6EF4-4407-9F34-77CA0045810B}.Release|x64.ActiveCfg = Release|Any CPU
		{34C3AAA9-6EF4-4407-9F34-77CA0045810B}.Release|x64.Build.0 = Release|Any CPU
		{34C3AAA9-6EF4-4407-9F34-77CA0045810B}.Release|x86.ActiveCfg = Release|Any CPU
		{34C3AAA9-6EF4-4407-9F34-77CA0045810B}.Release|x86.Build.0 = Release|Any CPU
		{B6007869-7E4D-4257-9E35-A0B44A077D0A}.Debug|Any CPU.ActiveCfg = Debug|Any CPU
		{B6007869-7E4D-4257-9E35-A0B44A077D0A}.Debug|Any CPU.Build.0 = Debug|Any CPU
		{B6007869-7E4D-4257-9E35-A0B44A077D0A}.Debug|x64.ActiveCfg = Debug|Any CPU
		{B6007869-7E4D-4257-9E35-A0B44A077D0A}.Debug|x64.Build.0 = Debug|Any CPU
		{B6007869-7E4D-4257-9E35-A0B44A077D0A}.Debug|x86.ActiveCfg = Debug|Any CPU
		{B6007869-7E4D-4257-9E35-A0B44A077D0A}.Debug|x86.Build.0 = Debug|Any CPU
		{B6007869-7E4D-4257-9E35-A0B44A077D0A}.Release|Any CPU.ActiveCfg = Release|Any CPU
		{B6007869-7E4D-4257-9E35-A0B44A077D0A}.Release|Any CPU.Build.0 = Release|Any CPU
		{B6007869-7E4D-4257-9E35-A0B44A077D0A}.Release|x64.ActiveCfg = Release|Any CPU
		{B6007869-7E4D-4257-9E35-A0B44A077D0A}.Release|x64.Build.0 = Release|Any CPU
		{B6007869-7E4D-4257-9E35-A0B44A077D0A}.Release|x86.ActiveCfg = Release|Any CPU
		{B6007869-7E4D-4257-9E35-A0B44A077D0A}.Release|x86.Build.0 = Release|Any CPU
		{5EFDF5C3-030A-41C7-9A32-456A220734E5}.Debug|Any CPU.ActiveCfg = Debug|Any CPU
		{5EFDF5C3-030A-41C7-9A32-456A220734E5}.Debug|Any CPU.Build.0 = Debug|Any CPU
		{5EFDF5C3-030A-41C7-9A32-456A220734E5}.Debug|x64.ActiveCfg = Debug|Any CPU
		{5EFDF5C3-030A-41C7-9A32-456A220734E5}.Debug|x64.Build.0 = Debug|Any CPU
		{5EFDF5C3-030A-41C7-9A32-456A220734E5}.Debug|x86.ActiveCfg = Debug|Any CPU
		{5EFDF5C3-030A-41C7-9A32-456A220734E5}.Debug|x86.Build.0 = Debug|Any CPU
		{5EFDF5C3-030A-41C7-9A32-456A220734E5}.Release|Any CPU.ActiveCfg = Release|Any CPU
		{5EFDF5C3-030A-41C7-9A32-456A220734E5}.Release|Any CPU.Build.0 = Release|Any CPU
		{5EFDF5C3-030A-41C7-9A32-456A220734E5}.Release|x64.ActiveCfg = Release|Any CPU
		{5EFDF5C3-030A-41C7-9A32-456A220734E5}.Release|x64.Build.0 = Release|Any CPU
		{5EFDF5C3-030A-41C7-9A32-456A220734E5}.Release|x86.ActiveCfg = Release|Any CPU
		{5EFDF5C3-030A-41C7-9A32-456A220734E5}.Release|x86.Build.0 = Release|Any CPU
	EndGlobalSection
	GlobalSection(SolutionProperties) = preSolution
		HideSolutionNode = FALSE
	EndGlobalSection
EndGlobal
