
Microsoft Visual Studio Solution File, Format Version 12.00
# Visual Studio Version 17
VisualStudioVersion = 17.0.31903.59
MinimumVisualStudioVersion = 10.0.40219.1
Project("{FAE04EC0-301F-11D3-BF4B-00C04F79EFBC}") = "ConsoleApp", "ConsoleApp\ConsoleApp.csproj", "{00EEF6C5-E82A-4709-9F9F-1DA499F99235}"
EndProject
Project("{FAE04EC0-301F-11D3-BF4B-00C04F79EFBC}") = "LogicExercise", "LogicExercise\LogicExercise.csproj", "{AD0D8F2C-6B47-4EEA-A994-4288194DE576}"
EndProject
Project("{FAE04EC0-301F-11D3-BF4B-00C04F79EFBC}") = "Syntax", "Syntax\Syntax.csproj", "{A2DE3CD5-E926-4A76-AABD-38B7E892C24D}"
EndProject
Project("{FAE04EC0-301F-11D3-BF4B-00C04F79EFBC}") = "TypeBasics", "TypeBasics\TypeBasics.csproj", "{B867B4E1-EE84-48C6-80CC-C31236FCBCC6}"
EndProject
Project("{FAE04EC0-301F-11D3-BF4B-00C04F79EFBC}") = "NumericTypes", "NumericTypes\NumericTypes.csproj", "{58F9FCF8-A736-4C2A-B87C-66AD4B2BCA66}"
EndProject
Project("{FAE04EC0-301F-11D3-BF4B-00C04F79EFBC}") = "BooleanTypeAndOperator", "BooleanTypeAndOperator\BooleanTypeAndOperator.csproj", "{7C602C06-116D-44C5-8172-89C17C4DB370}"
EndProject
Project("{FAE04EC0-301F-11D3-BF4B-00C04F79EFBC}") = "StringAndChar", "StringAndChar\StringAndChar.csproj", "{91CDE758-2107-4577-A899-15F96E8DB842}"
EndProject
Global
	GlobalSection(SolutionConfigurationPlatforms) = preSolution
		Debug|Any CPU = Debug|Any CPU
		Debug|x64 = Debug|x64
		Debug|x86 = Debug|x86
		Release|Any CPU = Release|Any CPU
		Release|x64 = Release|x64
		Release|x86 = Release|x86
	EndGlobalSection
	GlobalSection(ProjectConfigurationPlatforms) = postSolution
		{00EEF6C5-E82A-4709-9F9F-1DA499F99235}.Debug|Any CPU.ActiveCfg = Debug|Any CPU
		{00EEF6C5-E82A-4709-9F9F-1DA499F99235}.Debug|Any CPU.Build.0 = Debug|Any CPU
		{00EEF6C5-E82A-4709-9F9F-1DA499F99235}.Debug|x64.ActiveCfg = Debug|Any CPU
		{00EEF6C5-E82A-4709-9F9F-1DA499F99235}.Debug|x64.Build.0 = Debug|Any CPU
		{00EEF6C5-E82A-4709-9F9F-1DA499F99235}.Debug|x86.ActiveCfg = Debug|Any CPU
		{00EEF6C5-E82A-4709-9F9F-1DA499F99235}.Debug|x86.Build.0 = Debug|Any CPU
		{00EEF6C5-E82A-4709-9F9F-1DA499F99235}.Release|Any CPU.ActiveCfg = Release|Any CPU
		{00EEF6C5-E82A-4709-9F9F-1DA499F99235}.Release|Any CPU.Build.0 = Release|Any CPU
		{00EEF6C5-E82A-4709-9F9F-1DA499F99235}.Release|x64.ActiveCfg = Release|Any CPU
		{00EEF6C5-E82A-4709-9F9F-1DA499F99235}.Release|x64.Build.0 = Release|Any CPU
		{00EEF6C5-E82A-4709-9F9F-1DA499F99235}.Release|x86.ActiveCfg = Release|Any CPU
		{00EEF6C5-E82A-4709-9F9F-1DA499F99235}.Release|x86.Build.0 = Release|Any CPU
		{AD0D8F2C-6B47-4EEA-A994-4288194DE576}.Debug|Any CPU.ActiveCfg = Debug|Any CPU
		{AD0D8F2C-6B47-4EEA-A994-4288194DE576}.Debug|Any CPU.Build.0 = Debug|Any CPU
		{AD0D8F2C-6B47-4EEA-A994-4288194DE576}.Debug|x64.ActiveCfg = Debug|Any CPU
		{AD0D8F2C-6B47-4EEA-A994-4288194DE576}.Debug|x64.Build.0 = Debug|Any CPU
		{AD0D8F2C-6B47-4EEA-A994-4288194DE576}.Debug|x86.ActiveCfg = Debug|Any CPU
		{AD0D8F2C-6B47-4EEA-A994-4288194DE576}.Debug|x86.Build.0 = Debug|Any CPU
		{AD0D8F2C-6B47-4EEA-A994-4288194DE576}.Release|Any CPU.ActiveCfg = Release|Any CPU
		{AD0D8F2C-6B47-4EEA-A994-4288194DE576}.Release|Any CPU.Build.0 = Release|Any CPU
		{AD0D8F2C-6B47-4EEA-A994-4288194DE576}.Release|x64.ActiveCfg = Release|Any CPU
		{AD0D8F2C-6B47-4EEA-A994-4288194DE576}.Release|x64.Build.0 = Release|Any CPU
		{AD0D8F2C-6B47-4EEA-A994-4288194DE576}.Release|x86.ActiveCfg = Release|Any CPU
		{AD0D8F2C-6B47-4EEA-A994-4288194DE576}.Release|x86.Build.0 = Release|Any CPU
		{A2DE3CD5-E926-4A76-AABD-38B7E892C24D}.Debug|Any CPU.ActiveCfg = Debug|Any CPU
		{A2DE3CD5-E926-4A76-AABD-38B7E892C24D}.Debug|Any CPU.Build.0 = Debug|Any CPU
		{A2DE3CD5-E926-4A76-AABD-38B7E892C24D}.Debug|x64.ActiveCfg = Debug|Any CPU
		{A2DE3CD5-E926-4A76-AABD-38B7E892C24D}.Debug|x64.Build.0 = Debug|Any CPU
		{A2DE3CD5-E926-4A76-AABD-38B7E892C24D}.Debug|x86.ActiveCfg = Debug|Any CPU
		{A2DE3CD5-E926-4A76-AABD-38B7E892C24D}.Debug|x86.Build.0 = Debug|Any CPU
		{A2DE3CD5-E926-4A76-AABD-38B7E892C24D}.Release|Any CPU.ActiveCfg = Release|Any CPU
		{A2DE3CD5-E926-4A76-AABD-38B7E892C24D}.Release|Any CPU.Build.0 = Release|Any CPU
		{A2DE3CD5-E926-4A76-AABD-38B7E892C24D}.Release|x64.ActiveCfg = Release|Any CPU
		{A2DE3CD5-E926-4A76-AABD-38B7E892C24D}.Release|x64.Build.0 = Release|Any CPU
		{A2DE3CD5-E926-4A76-AABD-38B7E892C24D}.Release|x86.ActiveCfg = Release|Any CPU
		{A2DE3CD5-E926-4A76-AABD-38B7E892C24D}.Release|x86.Build.0 = Release|Any CPU
		{B867B4E1-EE84-48C6-80CC-C31236FCBCC6}.Debug|Any CPU.ActiveCfg = Debug|Any CPU
		{B867B4E1-EE84-48C6-80CC-C31236FCBCC6}.Debug|Any CPU.Build.0 = Debug|Any CPU
		{B867B4E1-EE84-48C6-80CC-C31236FCBCC6}.Debug|x64.ActiveCfg = Debug|Any CPU
		{B867B4E1-EE84-48C6-80CC-C31236FCBCC6}.Debug|x64.Build.0 = Debug|Any CPU
		{B867B4E1-EE84-48C6-80CC-C31236FCBCC6}.Debug|x86.ActiveCfg = Debug|Any CPU
		{B867B4E1-EE84-48C6-80CC-C31236FCBCC6}.Debug|x86.Build.0 = Debug|Any CPU
		{B867B4E1-EE84-48C6-80CC-C31236FCBCC6}.Release|Any CPU.ActiveCfg = Release|Any CPU
		{B867B4E1-EE84-48C6-80CC-C31236FCBCC6}.Release|Any CPU.Build.0 = Release|Any CPU
		{B867B4E1-EE84-48C6-80CC-C31236FCBCC6}.Release|x64.ActiveCfg = Release|Any CPU
		{B867B4E1-EE84-48C6-80CC-C31236FCBCC6}.Release|x64.Build.0 = Release|Any CPU
		{B867B4E1-EE84-48C6-80CC-C31236FCBCC6}.Release|x86.ActiveCfg = Release|Any CPU
		{B867B4E1-EE84-48C6-80CC-C31236FCBCC6}.Release|x86.Build.0 = Release|Any CPU
		{58F9FCF8-A736-4C2A-B87C-66AD4B2BCA66}.Debug|Any CPU.ActiveCfg = Debug|Any CPU
		{58F9FCF8-A736-4C2A-B87C-66AD4B2BCA66}.Debug|Any CPU.Build.0 = Debug|Any CPU
		{58F9FCF8-A736-4C2A-B87C-66AD4B2BCA66}.Debug|x64.ActiveCfg = Debug|Any CPU
		{58F9FCF8-A736-4C2A-B87C-66AD4B2BCA66}.Debug|x64.Build.0 = Debug|Any CPU
		{58F9FCF8-A736-4C2A-B87C-66AD4B2BCA66}.Debug|x86.ActiveCfg = Debug|Any CPU
		{58F9FCF8-A736-4C2A-B87C-66AD4B2BCA66}.Debug|x86.Build.0 = Debug|Any CPU
		{58F9FCF8-A736-4C2A-B87C-66AD4B2BCA66}.Release|Any CPU.ActiveCfg = Release|Any CPU
		{58F9FCF8-A736-4C2A-B87C-66AD4B2BCA66}.Release|Any CPU.Build.0 = Release|Any CPU
		{58F9FCF8-A736-4C2A-B87C-66AD4B2BCA66}.Release|x64.ActiveCfg = Release|Any CPU
		{58F9FCF8-A736-4C2A-B87C-66AD4B2BCA66}.Release|x64.Build.0 = Release|Any CPU
		{58F9FCF8-A736-4C2A-B87C-66AD4B2BCA66}.Release|x86.ActiveCfg = Release|Any CPU
		{58F9FCF8-A736-4C2A-B87C-66AD4B2BCA66}.Release|x86.Build.0 = Release|Any CPU
		{7C602C06-116D-44C5-8172-89C17C4DB370}.Debug|Any CPU.ActiveCfg = Debug|Any CPU
		{7C602C06-116D-44C5-8172-89C17C4DB370}.Debug|Any CPU.Build.0 = Debug|Any CPU
		{7C602C06-116D-44C5-8172-89C17C4DB370}.Debug|x64.ActiveCfg = Debug|Any CPU
		{7C602C06-116D-44C5-8172-89C17C4DB370}.Debug|x64.Build.0 = Debug|Any CPU
		{7C602C06-116D-44C5-8172-89C17C4DB370}.Debug|x86.ActiveCfg = Debug|Any CPU
		{7C602C06-116D-44C5-8172-89C17C4DB370}.Debug|x86.Build.0 = Debug|Any CPU
		{7C602C06-116D-44C5-8172-89C17C4DB370}.Release|Any CPU.ActiveCfg = Release|Any CPU
		{7C602C06-116D-44C5-8172-89C17C4DB370}.Release|Any CPU.Build.0 = Release|Any CPU
		{7C602C06-116D-44C5-8172-89C17C4DB370}.Release|x64.ActiveCfg = Release|Any CPU
		{7C602C06-116D-44C5-8172-89C17C4DB370}.Release|x64.Build.0 = Release|Any CPU
		{7C602C06-116D-44C5-8172-89C17C4DB370}.Release|x86.ActiveCfg = Release|Any CPU
		{7C602C06-116D-44C5-8172-89C17C4DB370}.Release|x86.Build.0 = Release|Any CPU
		{91CDE758-2107-4577-A899-15F96E8DB842}.Debug|Any CPU.ActiveCfg = Debug|Any CPU
		{91CDE758-2107-4577-A899-15F96E8DB842}.Debug|Any CPU.Build.0 = Debug|Any CPU
		{91CDE758-2107-4577-A899-15F96E8DB842}.Debug|x64.ActiveCfg = Debug|Any CPU
		{91CDE758-2107-4577-A899-15F96E8DB842}.Debug|x64.Build.0 = Debug|Any CPU
		{91CDE758-2107-4577-A899-15F96E8DB842}.Debug|x86.ActiveCfg = Debug|Any CPU
		{91CDE758-2107-4577-A899-15F96E8DB842}.Debug|x86.Build.0 = Debug|Any CPU
		{91CDE758-2107-4577-A899-15F96E8DB842}.Release|Any CPU.ActiveCfg = Release|Any CPU
		{91CDE758-2107-4577-A899-15F96E8DB842}.Release|Any CPU.Build.0 = Release|Any CPU
		{91CDE758-2107-4577-A899-15F96E8DB842}.Release|x64.ActiveCfg = Release|Any CPU
		{91CDE758-2107-4577-A899-15F96E8DB842}.Release|x64.Build.0 = Release|Any CPU
		{91CDE758-2107-4577-A899-15F96E8DB842}.Release|x86.ActiveCfg = Release|Any CPU
		{91CDE758-2107-4577-A899-15F96E8DB842}.Release|x86.Build.0 = Release|Any CPU
	EndGlobalSection
	GlobalSection(SolutionProperties) = preSolution
		HideSolutionNode = FALSE
	EndGlobalSection
EndGlobal
