
Microsoft Visual Studio Solution File, Format Version 12.00
# Visual Studio Version 17
VisualStudioVersion = 17.0.31903.59
MinimumVisualStudioVersion = 10.0.40219.1
Project("{FAE04EC0-301F-11D3-BF4B-00C04F79EFBC}") = "ConsoleApp", "ConsoleApp\ConsoleApp.csproj", "{00EEF6C5-E82A-4709-9F9F-1DA499F99235}"
EndProject
Project("{FAE04EC0-301F-11D3-BF4B-00C04F79EFBC}") = "LogicExercise", "LogicExercise\LogicExercise.csproj", "{AD0D8F2C-6B47-4EEA-A994-4288194DE576}"
EndProject
Project("{FAE04EC0-301F-11D3-BF4B-00C04F79EFBC}") = "Syntax", "Syntax\Syntax.csproj", "{A2DE3CD5-E926-4A76-AABD-38B7E892C24D}"
EndProject
Project("{FAE04EC0-301F-11D3-BF4B-00C04F79EFBC}") = "TypeBasics", "TypeBasics\TypeBasics.csproj", "{B867B4E1-EE84-48C6-80CC-C31236FCBCC6}"
EndProject
Project("{FAE04EC0-301F-11D3-BF4B-00C04F79EFBC}") = "NumericTypes", "NumericTypes\NumericTypes.csproj", "{58F9FCF8-A736-4C2A-B87C-66AD4B2BCA66}"
EndProject
Project("{FAE04EC0-301F-11D3-BF4B-00C04F79EFBC}") = "BooleanTypeAndOperator", "BooleanTypeAndOperator\BooleanTypeAndOperator.csproj", "{7C602C06-116D-44C5-8172-89C17C4DB370}"
EndProject
Project("{FAE04EC0-301F-11D3-BF4B-00C04F79EFBC}") = "StringAndChar", "StringAndChar\StringAndChar.csproj", "{91CDE758-2107-4577-A899-15F96E8DB842}"
EndProject
Project("{FAE04EC0-301F-11D3-BF4B-00C04F79EFBC}") = "Array", "Array\Array.csproj", "{E6577CC2-B780-407A-82AC-1E01619656A0}"
EndProject
Project("{FAE04EC0-301F-11D3-BF4B-00C04F79EFBC}") = "VariableAndParam", "VariableAndParam\VariableAndParam.csproj", "{B419F2BB-6966-4D57-A683-C48CB20B5C02}"
EndProject
Project("{FAE04EC0-301F-11D3-BF4B-00C04F79EFBC}") = "SimpleCalculator", "SimpleCalculator\SimpleCalculator.csproj", "{0CBC359F-EF14-44BE-B614-14B963E9D4A3}"
EndProject
Project("{FAE04EC0-301F-11D3-BF4B-00C04F79EFBC}") = "Classes", "Classes\Classes.csproj", "{AB96FAB2-04B6-4253-974F-FB8E7A862393}"
EndProject
Project("{FAE04EC0-301F-11D3-BF4B-00C04F79EFBC}") = "Inheritance", "Inheritance\Inheritance.csproj", "{C16D3414-B871-4C96-A73F-1B59F10BA2EA}"
EndProject
Project("{FAE04EC0-301F-11D3-BF4B-00C04F79EFBC}") = "ObjectType", "ObjectType\ObjectType.csproj", "{B27B51A6-D328-41CE-A66C-F32B4C4E3BA4}"
EndProject
Project("{FAE04EC0-301F-11D3-BF4B-00C04F79EFBC}") = "Struct", "Struct\Struct.csproj", "{283F7DCF-7FE1-4AC8-9908-D6005E64BE4C}"
EndProject
Global
	GlobalSection(SolutionConfigurationPlatforms) = preSolution
		Debug|Any CPU = Debug|Any CPU
		Debug|x64 = Debug|x64
		Debug|x86 = Debug|x86
		Release|Any CPU = Release|Any CPU
		Release|x64 = Release|x64
		Release|x86 = Release|x86
	EndGlobalSection
	GlobalSection(ProjectConfigurationPlatforms) = postSolution
		{00EEF6C5-E82A-4709-9F9F-1DA499F99235}.Debug|Any CPU.ActiveCfg = Debug|Any CPU
		{00EEF6C5-E82A-4709-9F9F-1DA499F99235}.Debug|Any CPU.Build.0 = Debug|Any CPU
		{00EEF6C5-E82A-4709-9F9F-1DA499F99235}.Debug|x64.ActiveCfg = Debug|Any CPU
		{00EEF6C5-E82A-4709-9F9F-1DA499F99235}.Debug|x64.Build.0 = Debug|Any CPU
		{00EEF6C5-E82A-4709-9F9F-1DA499F99235}.Debug|x86.ActiveCfg = Debug|Any CPU
		{00EEF6C5-E82A-4709-9F9F-1DA499F99235}.Debug|x86.Build.0 = Debug|Any CPU
		{00EEF6C5-E82A-4709-9F9F-1DA499F99235}.Release|Any CPU.ActiveCfg = Release|Any CPU
		{00EEF6C5-E82A-4709-9F9F-1DA499F99235}.Release|Any CPU.Build.0 = Release|Any CPU
		{00EEF6C5-E82A-4709-9F9F-1DA499F99235}.Release|x64.ActiveCfg = Release|Any CPU
		{00EEF6C5-E82A-4709-9F9F-1DA499F99235}.Release|x64.Build.0 = Release|Any CPU
		{00EEF6C5-E82A-4709-9F9F-1DA499F99235}.Release|x86.ActiveCfg = Release|Any CPU
		{00EEF6C5-E82A-4709-9F9F-1DA499F99235}.Release|x86.Build.0 = Release|Any CPU
		{AD0D8F2C-6B47-4EEA-A994-4288194DE576}.Debug|Any CPU.ActiveCfg = Debug|Any CPU
		{AD0D8F2C-6B47-4EEA-A994-4288194DE576}.Debug|Any CPU.Build.0 = Debug|Any CPU
		{AD0D8F2C-6B47-4EEA-A994-4288194DE576}.Debug|x64.ActiveCfg = Debug|Any CPU
		{AD0D8F2C-6B47-4EEA-A994-4288194DE576}.Debug|x64.Build.0 = Debug|Any CPU
		{AD0D8F2C-6B47-4EEA-A994-4288194DE576}.Debug|x86.ActiveCfg = Debug|Any CPU
		{AD0D8F2C-6B47-4EEA-A994-4288194DE576}.Debug|x86.Build.0 = Debug|Any CPU
		{AD0D8F2C-6B47-4EEA-A994-4288194DE576}.Release|Any CPU.ActiveCfg = Release|Any CPU
		{AD0D8F2C-6B47-4EEA-A994-4288194DE576}.Release|Any CPU.Build.0 = Release|Any CPU
		{AD0D8F2C-6B47-4EEA-A994-4288194DE576}.Release|x64.ActiveCfg = Release|Any CPU
		{AD0D8F2C-6B47-4EEA-A994-4288194DE576}.Release|x64.Build.0 = Release|Any CPU
		{AD0D8F2C-6B47-4EEA-A994-4288194DE576}.Release|x86.ActiveCfg = Release|Any CPU
		{AD0D8F2C-6B47-4EEA-A994-4288194DE576}.Release|x86.Build.0 = Release|Any CPU
		{A2DE3CD5-E926-4A76-AABD-38B7E892C24D}.Debug|Any CPU.ActiveCfg = Debug|Any CPU
		{A2DE3CD5-E926-4A76-AABD-38B7E892C24D}.Debug|Any CPU.Build.0 = Debug|Any CPU
		{A2DE3CD5-E926-4A76-AABD-38B7E892C24D}.Debug|x64.ActiveCfg = Debug|Any CPU
		{A2DE3CD5-E926-4A76-AABD-38B7E892C24D}.Debug|x64.Build.0 = Debug|Any CPU
		{A2DE3CD5-E926-4A76-AABD-38B7E892C24D}.Debug|x86.ActiveCfg = Debug|Any CPU
		{A2DE3CD5-E926-4A76-AABD-38B7E892C24D}.Debug|x86.Build.0 = Debug|Any CPU
		{A2DE3CD5-E926-4A76-AABD-38B7E892C24D}.Release|Any CPU.ActiveCfg = Release|Any CPU
		{A2DE3CD5-E926-4A76-AABD-38B7E892C24D}.Release|Any CPU.Build.0 = Release|Any CPU
		{A2DE3CD5-E926-4A76-AABD-38B7E892C24D}.Release|x64.ActiveCfg = Release|Any CPU
		{A2DE3CD5-E926-4A76-AABD-38B7E892C24D}.Release|x64.Build.0 = Release|Any CPU
		{A2DE3CD5-E926-4A76-AABD-38B7E892C24D}.Release|x86.ActiveCfg = Release|Any CPU
		{A2DE3CD5-E926-4A76-AABD-38B7E892C24D}.Release|x86.Build.0 = Release|Any CPU
		{B867B4E1-EE84-48C6-80CC-C31236FCBCC6}.Debug|Any CPU.ActiveCfg = Debug|Any CPU
		{B867B4E1-EE84-48C6-80CC-C31236FCBCC6}.Debug|Any CPU.Build.0 = Debug|Any CPU
		{B867B4E1-EE84-48C6-80CC-C31236FCBCC6}.Debug|x64.ActiveCfg = Debug|Any CPU
		{B867B4E1-EE84-48C6-80CC-C31236FCBCC6}.Debug|x64.Build.0 = Debug|Any CPU
		{B867B4E1-EE84-48C6-80CC-C31236FCBCC6}.Debug|x86.ActiveCfg = Debug|Any CPU
		{B867B4E1-EE84-48C6-80CC-C31236FCBCC6}.Debug|x86.Build.0 = Debug|Any CPU
		{B867B4E1-EE84-48C6-80CC-C31236FCBCC6}.Release|Any CPU.ActiveCfg = Release|Any CPU
		{B867B4E1-EE84-48C6-80CC-C31236FCBCC6}.Release|Any CPU.Build.0 = Release|Any CPU
		{B867B4E1-EE84-48C6-80CC-C31236FCBCC6}.Release|x64.ActiveCfg = Release|Any CPU
		{B867B4E1-EE84-48C6-80CC-C31236FCBCC6}.Release|x64.Build.0 = Release|Any CPU
		{B867B4E1-EE84-48C6-80CC-C31236FCBCC6}.Release|x86.ActiveCfg = Release|Any CPU
		{B867B4E1-EE84-48C6-80CC-C31236FCBCC6}.Release|x86.Build.0 = Release|Any CPU
		{58F9FCF8-A736-4C2A-B87C-66AD4B2BCA66}.Debug|Any CPU.ActiveCfg = Debug|Any CPU
		{58F9FCF8-A736-4C2A-B87C-66AD4B2BCA66}.Debug|Any CPU.Build.0 = Debug|Any CPU
		{58F9FCF8-A736-4C2A-B87C-66AD4B2BCA66}.Debug|x64.ActiveCfg = Debug|Any CPU
		{58F9FCF8-A736-4C2A-B87C-66AD4B2BCA66}.Debug|x64.Build.0 = Debug|Any CPU
		{58F9FCF8-A736-4C2A-B87C-66AD4B2BCA66}.Debug|x86.ActiveCfg = Debug|Any CPU
		{58F9FCF8-A736-4C2A-B87C-66AD4B2BCA66}.Debug|x86.Build.0 = Debug|Any CPU
		{58F9FCF8-A736-4C2A-B87C-66AD4B2BCA66}.Release|Any CPU.ActiveCfg = Release|Any CPU
		{58F9FCF8-A736-4C2A-B87C-66AD4B2BCA66}.Release|Any CPU.Build.0 = Release|Any CPU
		{58F9FCF8-A736-4C2A-B87C-66AD4B2BCA66}.Release|x64.ActiveCfg = Release|Any CPU
		{58F9FCF8-A736-4C2A-B87C-66AD4B2BCA66}.Release|x64.Build.0 = Release|Any CPU
		{58F9FCF8-A736-4C2A-B87C-66AD4B2BCA66}.Release|x86.ActiveCfg = Release|Any CPU
		{58F9FCF8-A736-4C2A-B87C-66AD4B2BCA66}.Release|x86.Build.0 = Release|Any CPU
		{7C602C06-116D-44C5-8172-89C17C4DB370}.Debug|Any CPU.ActiveCfg = Debug|Any CPU
		{7C602C06-116D-44C5-8172-89C17C4DB370}.Debug|Any CPU.Build.0 = Debug|Any CPU
		{7C602C06-116D-44C5-8172-89C17C4DB370}.Debug|x64.ActiveCfg = Debug|Any CPU
		{7C602C06-116D-44C5-8172-89C17C4DB370}.Debug|x64.Build.0 = Debug|Any CPU
		{7C602C06-116D-44C5-8172-89C17C4DB370}.Debug|x86.ActiveCfg = Debug|Any CPU
		{7C602C06-116D-44C5-8172-89C17C4DB370}.Debug|x86.Build.0 = Debug|Any CPU
		{7C602C06-116D-44C5-8172-89C17C4DB370}.Release|Any CPU.ActiveCfg = Release|Any CPU
		{7C602C06-116D-44C5-8172-89C17C4DB370}.Release|Any CPU.Build.0 = Release|Any CPU
		{7C602C06-116D-44C5-8172-89C17C4DB370}.Release|x64.ActiveCfg = Release|Any CPU
		{7C602C06-116D-44C5-8172-89C17C4DB370}.Release|x64.Build.0 = Release|Any CPU
		{7C602C06-116D-44C5-8172-89C17C4DB370}.Release|x86.ActiveCfg = Release|Any CPU
		{7C602C06-116D-44C5-8172-89C17C4DB370}.Release|x86.Build.0 = Release|Any CPU
		{91CDE758-2107-4577-A899-15F96E8DB842}.Debug|Any CPU.ActiveCfg = Debug|Any CPU
		{91CDE758-2107-4577-A899-15F96E8DB842}.Debug|Any CPU.Build.0 = Debug|Any CPU
		{91CDE758-2107-4577-A899-15F96E8DB842}.Debug|x64.ActiveCfg = Debug|Any CPU
		{91CDE758-2107-4577-A899-15F96E8DB842}.Debug|x64.Build.0 = Debug|Any CPU
		{91CDE758-2107-4577-A899-15F96E8DB842}.Debug|x86.ActiveCfg = Debug|Any CPU
		{91CDE758-2107-4577-A899-15F96E8DB842}.Debug|x86.Build.0 = Debug|Any CPU
		{91CDE758-2107-4577-A899-15F96E8DB842}.Release|Any CPU.ActiveCfg = Release|Any CPU
		{91CDE758-2107-4577-A899-15F96E8DB842}.Release|Any CPU.Build.0 = Release|Any CPU
		{91CDE758-2107-4577-A899-15F96E8DB842}.Release|x64.ActiveCfg = Release|Any CPU
		{91CDE758-2107-4577-A899-15F96E8DB842}.Release|x64.Build.0 = Release|Any CPU
		{91CDE758-2107-4577-A899-15F96E8DB842}.Release|x86.ActiveCfg = Release|Any CPU
		{91CDE758-2107-4577-A899-15F96E8DB842}.Release|x86.Build.0 = Release|Any CPU
		{E6577CC2-B780-407A-82AC-1E01619656A0}.Debug|Any CPU.ActiveCfg = Debug|Any CPU
		{E6577CC2-B780-407A-82AC-1E01619656A0}.Debug|Any CPU.Build.0 = Debug|Any CPU
		{E6577CC2-B780-407A-82AC-1E01619656A0}.Debug|x64.ActiveCfg = Debug|Any CPU
		{E6577CC2-B780-407A-82AC-1E01619656A0}.Debug|x64.Build.0 = Debug|Any CPU
		{E6577CC2-B780-407A-82AC-1E01619656A0}.Debug|x86.ActiveCfg = Debug|Any CPU
		{E6577CC2-B780-407A-82AC-1E01619656A0}.Debug|x86.Build.0 = Debug|Any CPU
		{E6577CC2-B780-407A-82AC-1E01619656A0}.Release|Any CPU.ActiveCfg = Release|Any CPU
		{E6577CC2-B780-407A-82AC-1E01619656A0}.Release|Any CPU.Build.0 = Release|Any CPU
		{E6577CC2-B780-407A-82AC-1E01619656A0}.Release|x64.ActiveCfg = Release|Any CPU
		{E6577CC2-B780-407A-82AC-1E01619656A0}.Release|x64.Build.0 = Release|Any CPU
		{E6577CC2-B780-407A-82AC-1E01619656A0}.Release|x86.ActiveCfg = Release|Any CPU
		{E6577CC2-B780-407A-82AC-1E01619656A0}.Release|x86.Build.0 = Release|Any CPU
		{B419F2BB-6966-4D57-A683-C48CB20B5C02}.Debug|Any CPU.ActiveCfg = Debug|Any CPU
		{B419F2BB-6966-4D57-A683-C48CB20B5C02}.Debug|Any CPU.Build.0 = Debug|Any CPU
		{B419F2BB-6966-4D57-A683-C48CB20B5C02}.Debug|x64.ActiveCfg = Debug|Any CPU
		{B419F2BB-6966-4D57-A683-C48CB20B5C02}.Debug|x64.Build.0 = Debug|Any CPU
		{B419F2BB-6966-4D57-A683-C48CB20B5C02}.Debug|x86.ActiveCfg = Debug|Any CPU
		{B419F2BB-6966-4D57-A683-C48CB20B5C02}.Debug|x86.Build.0 = Debug|Any CPU
		{B419F2BB-6966-4D57-A683-C48CB20B5C02}.Release|Any CPU.ActiveCfg = Release|Any CPU
		{B419F2BB-6966-4D57-A683-C48CB20B5C02}.Release|Any CPU.Build.0 = Release|Any CPU
		{B419F2BB-6966-4D57-A683-C48CB20B5C02}.Release|x64.ActiveCfg = Release|Any CPU
		{B419F2BB-6966-4D57-A683-C48CB20B5C02}.Release|x64.Build.0 = Release|Any CPU
		{B419F2BB-6966-4D57-A683-C48CB20B5C02}.Release|x86.ActiveCfg = Release|Any CPU
		{B419F2BB-6966-4D57-A683-C48CB20B5C02}.Release|x86.Build.0 = Release|Any CPU
		{0CBC359F-EF14-44BE-B614-14B963E9D4A3}.Debug|Any CPU.ActiveCfg = Debug|Any CPU
		{0CBC359F-EF14-44BE-B614-14B963E9D4A3}.Debug|Any CPU.Build.0 = Debug|Any CPU
		{0CBC359F-EF14-44BE-B614-14B963E9D4A3}.Debug|x64.ActiveCfg = Debug|Any CPU
		{0CBC359F-EF14-44BE-B614-14B963E9D4A3}.Debug|x64.Build.0 = Debug|Any CPU
		{0CBC359F-EF14-44BE-B614-14B963E9D4A3}.Debug|x86.ActiveCfg = Debug|Any CPU
		{0CBC359F-EF14-44BE-B614-14B963E9D4A3}.Debug|x86.Build.0 = Debug|Any CPU
		{0CBC359F-EF14-44BE-B614-14B963E9D4A3}.Release|Any CPU.ActiveCfg = Release|Any CPU
		{0CBC359F-EF14-44BE-B614-14B963E9D4A3}.Release|Any CPU.Build.0 = Release|Any CPU
		{0CBC359F-EF14-44BE-B614-14B963E9D4A3}.Release|x64.ActiveCfg = Release|Any CPU
		{0CBC359F-EF14-44BE-B614-14B963E9D4A3}.Release|x64.Build.0 = Release|Any CPU
		{0CBC359F-EF14-44BE-B614-14B963E9D4A3}.Release|x86.ActiveCfg = Release|Any CPU
		{0CBC359F-EF14-44BE-B614-14B963E9D4A3}.Release|x86.Build.0 = Release|Any CPU
		{AB96FAB2-04B6-4253-974F-FB8E7A862393}.Debug|Any CPU.ActiveCfg = Debug|Any CPU
		{AB96FAB2-04B6-4253-974F-FB8E7A862393}.Debug|Any CPU.Build.0 = Debug|Any CPU
		{AB96FAB2-04B6-4253-974F-FB8E7A862393}.Debug|x64.ActiveCfg = Debug|Any CPU
		{AB96FAB2-04B6-4253-974F-FB8E7A862393}.Debug|x64.Build.0 = Debug|Any CPU
		{AB96FAB2-04B6-4253-974F-FB8E7A862393}.Debug|x86.ActiveCfg = Debug|Any CPU
		{AB96FAB2-04B6-4253-974F-FB8E7A862393}.Debug|x86.Build.0 = Debug|Any CPU
		{AB96FAB2-04B6-4253-974F-FB8E7A862393}.Release|Any CPU.ActiveCfg = Release|Any CPU
		{AB96FAB2-04B6-4253-974F-FB8E7A862393}.Release|Any CPU.Build.0 = Release|Any CPU
		{AB96FAB2-04B6-4253-974F-FB8E7A862393}.Release|x64.ActiveCfg = Release|Any CPU
		{AB96FAB2-04B6-4253-974F-FB8E7A862393}.Release|x64.Build.0 = Release|Any CPU
		{AB96FAB2-04B6-4253-974F-FB8E7A862393}.Release|x86.ActiveCfg = Release|Any CPU
		{AB96FAB2-04B6-4253-974F-FB8E7A862393}.Release|x86.Build.0 = Release|Any CPU
		{C16D3414-B871-4C96-A73F-1B59F10BA2EA}.Debug|Any CPU.ActiveCfg = Debug|Any CPU
		{C16D3414-B871-4C96-A73F-1B59F10BA2EA}.Debug|Any CPU.Build.0 = Debug|Any CPU
		{C16D3414-B871-4C96-A73F-1B59F10BA2EA}.Debug|x64.ActiveCfg = Debug|Any CPU
		{C16D3414-B871-4C96-A73F-1B59F10BA2EA}.Debug|x64.Build.0 = Debug|Any CPU
		{C16D3414-B871-4C96-A73F-1B59F10BA2EA}.Debug|x86.ActiveCfg = Debug|Any CPU
		{C16D3414-B871-4C96-A73F-1B59F10BA2EA}.Debug|x86.Build.0 = Debug|Any CPU
		{C16D3414-B871-4C96-A73F-1B59F10BA2EA}.Release|Any CPU.ActiveCfg = Release|Any CPU
		{C16D3414-B871-4C96-A73F-1B59F10BA2EA}.Release|Any CPU.Build.0 = Release|Any CPU
		{C16D3414-B871-4C96-A73F-1B59F10BA2EA}.Release|x64.ActiveCfg = Release|Any CPU
		{C16D3414-B871-4C96-A73F-1B59F10BA2EA}.Release|x64.Build.0 = Release|Any CPU
		{C16D3414-B871-4C96-A73F-1B59F10BA2EA}.Release|x86.ActiveCfg = Release|Any CPU
		{C16D3414-B871-4C96-A73F-1B59F10BA2EA}.Release|x86.Build.0 = Release|Any CPU
		{B27B51A6-D328-41CE-A66C-F32B4C4E3BA4}.Debug|Any CPU.ActiveCfg = Debug|Any CPU
		{B27B51A6-D328-41CE-A66C-F32B4C4E3BA4}.Debug|Any CPU.Build.0 = Debug|Any CPU
		{B27B51A6-D328-41CE-A66C-F32B4C4E3BA4}.Debug|x64.ActiveCfg = Debug|Any CPU
		{B27B51A6-D328-41CE-A66C-F32B4C4E3BA4}.Debug|x64.Build.0 = Debug|Any CPU
		{B27B51A6-D328-41CE-A66C-F32B4C4E3BA4}.Debug|x86.ActiveCfg = Debug|Any CPU
		{B27B51A6-D328-41CE-A66C-F32B4C4E3BA4}.Debug|x86.Build.0 = Debug|Any CPU
		{B27B51A6-D328-41CE-A66C-F32B4C4E3BA4}.Release|Any CPU.ActiveCfg = Release|Any CPU
		{B27B51A6-D328-41CE-A66C-F32B4C4E3BA4}.Release|Any CPU.Build.0 = Release|Any CPU
		{B27B51A6-D328-41CE-A66C-F32B4C4E3BA4}.Release|x64.ActiveCfg = Release|Any CPU
		{B27B51A6-D328-41CE-A66C-F32B4C4E3BA4}.Release|x64.Build.0 = Release|Any CPU
		{B27B51A6-D328-41CE-A66C-F32B4C4E3BA4}.Release|x86.ActiveCfg = Release|Any CPU
		{B27B51A6-D328-41CE-A66C-F32B4C4E3BA4}.Release|x86.Build.0 = Release|Any CPU
		{283F7DCF-7FE1-4AC8-9908-D6005E64BE4C}.Debug|Any CPU.ActiveCfg = Debug|Any CPU
		{283F7DCF-7FE1-4AC8-9908-D6005E64BE4C}.Debug|Any CPU.Build.0 = Debug|Any CPU
		{283F7DCF-7FE1-4AC8-9908-D6005E64BE4C}.Debug|x64.ActiveCfg = Debug|Any CPU
		{283F7DCF-7FE1-4AC8-9908-D6005E64BE4C}.Debug|x64.Build.0 = Debug|Any CPU
		{283F7DCF-7FE1-4AC8-9908-D6005E64BE4C}.Debug|x86.ActiveCfg = Debug|Any CPU
		{283F7DCF-7FE1-4AC8-9908-D6005E64BE4C}.Debug|x86.Build.0 = Debug|Any CPU
		{283F7DCF-7FE1-4AC8-9908-D6005E64BE4C}.Release|Any CPU.ActiveCfg = Release|Any CPU
		{283F7DCF-7FE1-4AC8-9908-D6005E64BE4C}.Release|Any CPU.Build.0 = Release|Any CPU
		{283F7DCF-7FE1-4AC8-9908-D6005E64BE4C}.Release|x64.ActiveCfg = Release|Any CPU
		{283F7DCF-7FE1-4AC8-9908-D6005E64BE4C}.Release|x64.Build.0 = Release|Any CPU
		{283F7DCF-7FE1-4AC8-9908-D6005E64BE4C}.Release|x86.ActiveCfg = Release|Any CPU
		{283F7DCF-7FE1-4AC8-9908-D6005E64BE4C}.Release|x86.Build.0 = Release|Any CPU
	EndGlobalSection
	GlobalSection(SolutionProperties) = preSolution
		HideSolutionNode = FALSE
	EndGlobalSection
EndGlobal
